{
  "name": "Typescript_practice",
  "version": "1.0.0",
  "lockfileVersion": 3,
  "requires": true,
  "packages": {
    "": {
      "name": "Typescript_practice",
      "version": "1.0.0",
      "devDependencies": {
        "@types/plotly.js": "^3.0.0",
        "typescript": "^5.5.3"
      }
    },
    "node_modules/@types/plotly.js": {
      "version": "3.0.0",
      "resolved": "https://registry.npmjs.org/@types/plotly.js/-/plotly.js-3.0.0.tgz",
      "integrity": "sha512-WiUzfUh5Mn7+ySbuh2j0fIr7AtLmPzfu/zjtjVx4mftbuZonkQ6UqwylO9F1LqM9+PXZM8XYtyovIHw8cE+4ug==",
      "dev": true,
      "license": "MIT"
    },
    "node_modules/typescript": {
      "version": "5.8.3",
      "resolved": "https://registry.npmjs.org/typescript/-/typescript-5.8.3.tgz",
      "integrity": "sha512-p1diW6TqL9L07nNxvRMM7hMMw4c5XOo/1ibL4aAIGmSAt9slTE1Xgw5KWuof2uTOvCg9BY7ZRi+GaF+7sfgPeQ==",
      "dev": true,
      "license": "Apache-2.0",
      "bin": {
        "tsc": "bin/tsc",
        "tsserver": "bin/tsserver"
      },
      "engines": {
        "node": ">=14.17"
      }
    }
  }
}
